<?xml version="1.0" encoding="utf-8"?>
<Project ToolsVersion="4.0" xmlns="http://schemas.microsoft.com/developer/msbuild/2003">
  <ItemGroup>
    <Filter Include="Source Files">
      <UniqueIdentifier>{4FC737F1-C7A5-4376-A066-2A32D752A2FF}</UniqueIdentifier>
      <Extensions>cpp;c;cc;cxx;def;odl;idl;hpj;bat;asm;asmx</Extensions>
    </Filter>
    <Filter Include="Header Files">
      <UniqueIdentifier>{93995380-89BD-4b04-88EB-625FBE52EBFB}</UniqueIdentifier>
      <Extensions>h;hh;hpp;hxx;hm;inl;inc;xsd</Extensions>
    </Filter>
    <Filter Include="Resource Files">
      <UniqueIdentifier>{67DA6AB6-F800-4c08-8B7A-83BB121AAD01}</UniqueIdentifier>
      <Extensions>rc;ico;cur;bmp;dlg;rc2;rct;bin;rgs;gif;jpg;jpeg;jpe;resx;tiff;tif;png;wav;mfcribbon-ms</Extensions>
    </Filter>
  </ItemGroup>
  <ItemGroup>
    <ClCompile Include="classes\Animated.cpp">
      <Filter>Source Files</Filter>
    </ClCompile>
    <ClCompile Include="classes\Animation.cpp">
      <Filter>Source Files</Filter>
    </ClCompile>
    <ClCompile Include="classes\Dynamic.cpp">
      <Filter>Source Files</Filter>
    </ClCompile>
    <ClCompile Include="classes\Effect.cpp">
      <Filter>Source Files</Filter>
    </ClCompile>
    <ClCompile Include="classes\Effectable.cpp">
      <Filter>Source Files</Filter>
    </ClCompile>
    <ClCompile Include="classes\GameObject.cpp">
      <Filter>Source Files</Filter>
    </ClCompile>
    <ClCompile Include="classes\GameObjectModel.cpp">
      <Filter>Source Files</Filter>
    </ClCompile>
    <ClCompile Include="creature\Creature.cpp">
      <Filter>Source Files</Filter>
    </ClCompile>
    <ClCompile Include="creature\CreatureController.cpp">
      <Filter>Source Files</Filter>
    </ClCompile>
    <ClCompile Include="interface\CommandQueue.cpp">
      <Filter>Source Files</Filter>
    </ClCompile>
    <ClCompile Include="interface\Console.cpp">
      <Filter>Source Files</Filter>
    </ClCompile>
    <ClCompile Include="interface\ContactListener.cpp">
      <Filter>Source Files</Filter>
    </ClCompile>
    <ClCompile Include="interface\EntityFactory.cpp">
      <Filter>Source Files</Filter>
    </ClCompile>
    <ClCompile Include="interface\Game.cpp">
      <Filter>Source Files</Filter>
    </ClCompile>
    <ClCompile Include="interface\KeyboardInterface.cpp">
      <Filter>Source Files</Filter>
    </ClCompile>
    <ClCompile Include="interface\Logger.cpp">
      <Filter>Source Files</Filter>
    </ClCompile>
    <ClCompile Include="interface\MouseInterface.cpp">
      <Filter>Source Files</Filter>
    </ClCompile>
    <ClCompile Include="interface\Utility.cpp">
      <Filter>Source Files</Filter>
    </ClCompile>
    <ClCompile Include="item\Item.cpp">
      <Filter>Source Files</Filter>
    </ClCompile>
    <ClCompile Include="item\ItemController.cpp">
      <Filter>Source Files</Filter>
    </ClCompile>
    <ClCompile Include="item\Plant.cpp">
      <Filter>Source Files</Filter>
    </ClCompile>
    <ClCompile Include="map\Chunk.cpp">
      <Filter>Source Files</Filter>
    </ClCompile>
    <ClCompile Include="map\ChunkView.cpp">
      <Filter>Source Files</Filter>
    </ClCompile>
    <ClCompile Include="map\PerlinNoise.cpp">
      <Filter>Source Files</Filter>
    </ClCompile>
    <ClCompile Include="map\PoissonDiskSampling.cpp">
      <Filter>Source Files</Filter>
    </ClCompile>
    <ClCompile Include="map\WorldMap.cpp">
      <Filter>Source Files</Filter>
    </ClCompile>
    <ClCompile Include="map\WorldMapView.cpp">
      <Filter>Source Files</Filter>
    </ClCompile>
    <ClCompile Include="options\GraphicsOptions.cpp">
      <Filter>Source Files</Filter>
    </ClCompile>
    <ClCompile Include="player\Player.cpp">
      <Filter>Source Files</Filter>
    </ClCompile>
    <ClCompile Include="player\PlayerController.cpp">
      <Filter>Source Files</Filter>
    </ClCompile>
    <ClCompile Include="player\PlayerModel.cpp">
      <Filter>Source Files</Filter>
    </ClCompile>
    <ClCompile Include="Source.cpp">
      <Filter>Source Files</Filter>
    </ClCompile>
    <ClCompile Include="interface\states\GameState.cpp">
      <Filter>Source Files</Filter>
    </ClCompile>
    <ClCompile Include="interface\states\LoadState.cpp">
      <Filter>Source Files</Filter>
    </ClCompile>
    <ClCompile Include="interface\states\MenuState.cpp">
      <Filter>Source Files</Filter>
    </ClCompile>
    <ClCompile Include="interface\states\PauseState.cpp">
      <Filter>Source Files</Filter>
    </ClCompile>
    <ClCompile Include="interface\states\State.cpp">
      <Filter>Source Files</Filter>
    </ClCompile>
    <ClCompile Include="interface\states\StateStack.cpp">
      <Filter>Source Files</Filter>
    </ClCompile>
    <ClCompile Include="interface\states\TitleState.cpp">
      <Filter>Source Files</Filter>
    </ClCompile>
  </ItemGroup>
  <ItemGroup>
    <ClInclude Include="classes\Animated.h">
      <Filter>Header Files</Filter>
    </ClInclude>
    <ClInclude Include="classes\Animation.h">
      <Filter>Header Files</Filter>
    </ClInclude>
    <ClInclude Include="classes\Dynamic.h">
      <Filter>Header Files</Filter>
    </ClInclude>
    <ClInclude Include="classes\Effect.h">
      <Filter>Header Files</Filter>
    </ClInclude>
    <ClInclude Include="classes\Effectable.h">
      <Filter>Header Files</Filter>
    </ClInclude>
    <ClInclude Include="classes\GameObject.h">
      <Filter>Header Files</Filter>
    </ClInclude>
    <ClInclude Include="classes\GameObjectController.h">
      <Filter>Header Files</Filter>
    </ClInclude>
    <ClInclude Include="classes\GameObjectModel.h">
      <Filter>Header Files</Filter>
    </ClInclude>
    <ClInclude Include="creature\Creature.h">
      <Filter>Header Files</Filter>
    </ClInclude>
    <ClInclude Include="creature\CreatureController.h">
      <Filter>Header Files</Filter>
    </ClInclude>
    <ClInclude Include="interface\Command.h">
      <Filter>Header Files</Filter>
    </ClInclude>
    <ClInclude Include="interface\CommandQueue.h">
      <Filter>Header Files</Filter>
    </ClInclude>
    <ClInclude Include="interface\Console.h">
      <Filter>Header Files</Filter>
    </ClInclude>
    <ClInclude Include="interface\ContactListener.h">
      <Filter>Header Files</Filter>
    </ClInclude>
    <ClInclude Include="interface\EntityFactory.h">
      <Filter>Header Files</Filter>
    </ClInclude>
    <ClInclude Include="interface\Game.h">
      <Filter>Header Files</Filter>
    </ClInclude>
    <ClInclude Include="interface\KeyboardInterface.h">
      <Filter>Header Files</Filter>
    </ClInclude>
    <ClInclude Include="interface\Logger.h">
      <Filter>Header Files</Filter>
    </ClInclude>
    <ClInclude Include="interface\MouseInterface.h">
      <Filter>Header Files</Filter>
    </ClInclude>
    <ClInclude Include="interface\ResourceHolder.h">
      <Filter>Header Files</Filter>
    </ClInclude>
    <ClInclude Include="interface\ResourcesID.h">
      <Filter>Header Files</Filter>
    </ClInclude>
    <ClInclude Include="interface\Utility.h">
      <Filter>Header Files</Filter>
    </ClInclude>
    <ClInclude Include="item\Item.h">
      <Filter>Header Files</Filter>
    </ClInclude>
    <ClInclude Include="item\ItemController.h">
      <Filter>Header Files</Filter>
    </ClInclude>
    <ClInclude Include="item\Plant.h">
      <Filter>Header Files</Filter>
    </ClInclude>
    <ClInclude Include="map\Chunk.h">
      <Filter>Header Files</Filter>
    </ClInclude>
    <ClInclude Include="map\ChunkView.h">
      <Filter>Header Files</Filter>
    </ClInclude>
    <ClInclude Include="map\PerlinNoise.h">
      <Filter>Header Files</Filter>
    </ClInclude>
    <ClInclude Include="map\PoissonDiskSampling.h">
      <Filter>Header Files</Filter>
    </ClInclude>
    <ClInclude Include="map\WorldMap.h">
      <Filter>Header Files</Filter>
    </ClInclude>
    <ClInclude Include="map\WorldMapView.h">
      <Filter>Header Files</Filter>
    </ClInclude>
    <ClInclude Include="options\GraphicsOptions.h">
      <Filter>Header Files</Filter>
    </ClInclude>
    <ClInclude Include="player\Player.h">
      <Filter>Header Files</Filter>
    </ClInclude>
    <ClInclude Include="player\PlayerController.h">
      <Filter>Header Files</Filter>
    </ClInclude>
    <ClInclude Include="player\PlayerModel.h">
      <Filter>Header Files</Filter>
    </ClInclude>
    <ClInclude Include="interface\states\GameState.h">
      <Filter>Header Files</Filter>
    </ClInclude>
    <ClInclude Include="interface\states\LoadState.h">
      <Filter>Header Files</Filter>
    </ClInclude>
    <ClInclude Include="interface\states\MenuState.h">
      <Filter>Header Files</Filter>
    </ClInclude>
    <ClInclude Include="interface\states\PauseState.h">
      <Filter>Header Files</Filter>
    </ClInclude>
    <ClInclude Include="interface\states\State.h">
      <Filter>Header Files</Filter>
    </ClInclude>
    <ClInclude Include="interface\states\StateStack.h">
      <Filter>Header Files</Filter>
    </ClInclude>
    <ClInclude Include="interface\states\TitleState.h">
      <Filter>Header Files</Filter>
    </ClInclude>
  </ItemGroup>
</Project>